
Microsoft Visual Studio Solution File, Format Version 12.00
# Visual Studio Version 17
VisualStudioVersion = 17.5.33424.131
MinimumVisualStudioVersion = 10.0.40219.1
Project("{FAE04EC0-301F-11D3-BF4B-00C04F79EFBC}") = "easyRepo C# framework", "easyRepo C# framework.csproj", "{796E5DFD-DAF7-4E56-86D4-69366D8C355B}"
EndProject
Global
	GlobalSection(SolutionConfigurationPlatforms) = preSolution
		Debug|Any CPU = Debug|Any CPU
		Release|Any CPU = Release|Any CPU
	EndGlobalSection
	GlobalSection(ProjectConfigurationPlatforms) = postSolution
		{796E5DFD-DAF7-4E56-86D4-69366D8C355B}.Debug|Any CPU.ActiveCfg = Debug|Any CPU
		{796E5DFD-DAF7-4E56-86D4-69366D8C355B}.Debug|Any CPU.Build.0 = Debug|Any CPU
		{796E5DFD-DAF7-4E56-86D4-69366D8C355B}.Release|Any CPU.ActiveCfg = Release|Any CPU
		{796E5DFD-DAF7-4E56-86D4-69366D8C355B}.Release|Any CPU.Build.0 = Release|Any CPU
	EndGlobalSection
	GlobalSection(SolutionProperties) = preSolution
		HideSolutionNode = FALSE
	EndGlobalSection
	GlobalSection(ExtensibilityGlobals) = postSolution
		SolutionGuid = {36836B40-5886-40CC-8401-BE5C2393597E}
	EndGlobalSection
EndGlobal
